// !$*UTF8*$!
{
	archiveVersion = 1;
	classes = {
	};
	objectVersion = 50;
	objects = {

/* Begin PBXBuildFile section */
		CD6ABAB02829C18600E2B759 /* main.swift in Sources */ = {isa = PBXBuildFile; fileRef = CD6ABAAF2829C18600E2B759 /* main.swift */; };
		CD6ABAB82829C1EF00E2B759 /* fdtd-grid h.swift in Sources */ = {isa = PBXBuildFile; fileRef = CD6ABAB72829C1EF00E2B759 /* fdtd-grid h.swift */; };
		CD6ABABE2829C26100E2B759 /* gridtmz c.swift in Sources */ = {isa = PBXBuildFile; fileRef = CD6ABABD2829C26100E2B759 /* gridtmz c.swift */; };
		CD6ABAC22829C29D00E2B759 /* updatetmz c.swift in Sources */ = {isa = PBXBuildFile; fileRef = CD6ABAC12829C29D00E2B759 /* updatetmz c.swift */; };
		CD6ABAC52829C2B900E2B759 /* ricker c.swift in Sources */ = {isa = PBXBuildFile; fileRef = CD6ABAC42829C2B900E2B759 /* ricker c.swift */; };
		CD6ABAC82829C86400E2B759 /* snapshot c.swift in Sources */ = {isa = PBXBuildFile; fileRef = CD6ABAC72829C86400E2B759 /* snapshot c.swift */; };
		CD6ABACB2829D76500E2B759 /* tfsftmz c.swift in Sources */ = {isa = PBXBuildFile; fileRef = CD6ABACA2829D76500E2B759 /* tfsftmz c.swift */; };
		CDF1DD35282BF8CC003CA117 /* fdtd-alloc h.swift in Sources */ = {isa = PBXBuildFile; fileRef = CDF1DD34282BF8CC003CA117 /* fdtd-alloc h.swift */; };
		CDF1DD4E282C08A4003CA117 /* grid1dez c.swift in Sources */ = {isa = PBXBuildFile; fileRef = CDF1DD4D282C08A4003CA117 /* grid1dez c.swift */; };
/* End PBXBuildFile section */

/* Begin PBXCopyFilesBuildPhase section */
		CD6ABAAA2829C18600E2B759 /* CopyFiles */ = {
			isa = PBXCopyFilesBuildPhase;
			buildActionMask = 2147483647;
			dstPath = /usr/share/man/man1/;
			dstSubfolderSpec = 0;
			files = (
			);
			runOnlyForDeploymentPostprocessing = 1;
		};
/* End PBXCopyFilesBuildPhase section */

/* Begin PBXFileReference section */
		CD6ABAAC2829C18600E2B759 /* 2D Electromagnetism - Chapter 8 */ = {isa = PBXFileReference; explicitFileType = "compiled.mach-o.executable"; includeInIndex = 0; path = "2D Electromagnetism - Chapter 8"; sourceTree = BUILT_PRODUCTS_DIR; };
		CD6ABAAF2829C18600E2B759 /* main.swift */ = {isa = PBXFileReference; lastKnownFileType = sourcecode.swift; path = main.swift; sourceTree = "<group>"; };
		CD6ABAB72829C1EF00E2B759 /* fdtd-grid h.swift */ = {isa = PBXFileReference; lastKnownFileType = sourcecode.swift; path = "fdtd-grid h.swift"; sourceTree = "<group>"; };
		CD6ABABD2829C26100E2B759 /* gridtmz c.swift */ = {isa = PBXFileReference; lastKnownFileType = sourcecode.swift; path = "gridtmz c.swift"; sourceTree = "<group>"; };
		CD6ABAC12829C29D00E2B759 /* updatetmz c.swift */ = {isa = PBXFileReference; lastKnownFileType = sourcecode.swift; path = "updatetmz c.swift"; sourceTree = "<group>"; };
		CD6ABAC42829C2B900E2B759 /* ricker c.swift */ = {isa = PBXFileReference; lastKnownFileType = sourcecode.swift; path = "ricker c.swift"; sourceTree = "<group>"; };
		CD6ABAC72829C86400E2B759 /* snapshot c.swift */ = {isa = PBXFileReference; lastKnownFileType = sourcecode.swift; path = "snapshot c.swift"; sourceTree = "<group>"; };
		CD6ABACA2829D76500E2B759 /* tfsftmz c.swift */ = {isa = PBXFileReference; lastKnownFileType = sourcecode.swift; path = "tfsftmz c.swift"; sourceTree = "<group>"; };
		CDF1DD34282BF8CC003CA117 /* fdtd-alloc h.swift */ = {isa = PBXFileReference; lastKnownFileType = sourcecode.swift; path = "fdtd-alloc h.swift"; sourceTree = "<group>"; };
		CDF1DD4D282C08A4003CA117 /* grid1dez c.swift */ = {isa = PBXFileReference; lastKnownFileType = sourcecode.swift; path = "grid1dez c.swift"; sourceTree = "<group>"; };
/* End PBXFileReference section */

/* Begin PBXFrameworksBuildPhase section */
		CD6ABAA92829C18600E2B759 /* Frameworks */ = {
			isa = PBXFrameworksBuildPhase;
			buildActionMask = 2147483647;
			files = (
			);
			runOnlyForDeploymentPostprocessing = 0;
		};
/* End PBXFrameworksBuildPhase section */

/* Begin PBXGroup section */
		CD6ABAA32829C18600E2B759 = {
			isa = PBXGroup;
			children = (
				CD6ABAAE2829C18600E2B759 /* 2D Electromagnetism - Chapter 8 */,
				CD6ABAAD2829C18600E2B759 /* Products */,
			);
			sourceTree = "<group>";
		};
		CD6ABAAD2829C18600E2B759 /* Products */ = {
			isa = PBXGroup;
			children = (
				CD6ABAAC2829C18600E2B759 /* 2D Electromagnetism - Chapter 8 */,
			);
			name = Products;
			sourceTree = "<group>";
		};
		CD6ABAAE2829C18600E2B759 /* 2D Electromagnetism - Chapter 8 */ = {
			isa = PBXGroup;
			children = (
				CD6ABAAF2829C18600E2B759 /* main.swift */,
				CDF1DD34282BF8CC003CA117 /* fdtd-alloc h.swift */,
				CD6ABAB72829C1EF00E2B759 /* fdtd-grid h.swift */,
				CDF1DD4D282C08A4003CA117 /* grid1dez c.swift */,
				CD6ABABD2829C26100E2B759 /* gridtmz c.swift */,
				CD6ABAC42829C2B900E2B759 /* ricker c.swift */,
				CD6ABAC72829C86400E2B759 /* snapshot c.swift */,
				CD6ABACA2829D76500E2B759 /* tfsftmz c.swift */,
				CD6ABAC12829C29D00E2B759 /* updatetmz c.swift */,
			);
			path = "2D Electromagnetism - Chapter 8";
			sourceTree = "<group>";
		};
/* End PBXGroup section */

/* Begin PBXNativeTarget section */
		CD6ABAAB2829C18600E2B759 /* 2D Electromagnetism - Chapter 8 */ = {
			isa = PBXNativeTarget;
			buildConfigurationList = CD6ABAB32829C18600E2B759 /* Build configuration list for PBXNativeTarget "2D Electromagnetism - Chapter 8" */;
			buildPhases = (
				CD6ABAA82829C18600E2B759 /* Sources */,
				CD6ABAA92829C18600E2B759 /* Frameworks */,
				CD6ABAAA2829C18600E2B759 /* CopyFiles */,
			);
			buildRules = (
			);
			dependencies = (
			);
			name = "2D Electromagnetism - Chapter 8";
			productName = "2D Electromagnetism - Chapter 8";
			productReference = CD6ABAAC2829C18600E2B759 /* 2D Electromagnetism - Chapter 8 */;
			productType = "com.apple.product-type.tool";
		};
/* End PBXNativeTarget section */

/* Begin PBXProject section */
		CD6ABAA42829C18600E2B759 /* Project object */ = {
			isa = PBXProject;
			attributes = {
				LastSwiftUpdateCheck = 1240;
				LastUpgradeCheck = 1240;
				TargetAttributes = {
					CD6ABAAB2829C18600E2B759 = {
						CreatedOnToolsVersion = 12.4;
					};
				};
			};
			buildConfigurationList = CD6ABAA72829C18600E2B759 /* Build configuration list for PBXProject "2D Electromagnetism - Chapter 8" */;
			compatibilityVersion = "Xcode 9.3";
			developmentRegion = en;
			hasScannedForEncodings = 0;
			knownRegions = (
				en,
				Base,
			);
			mainGroup = CD6ABAA32829C18600E2B759;
			productRefGroup = CD6ABAAD2829C18600E2B759 /* Products */;
			projectDirPath = "";
			projectRoot = "";
			targets = (
				CD6ABAAB2829C18600E2B759 /* 2D Electromagnetism - Chapter 8 */,
			);
		};
/* End PBXProject section */

/* Begin PBXSourcesBuildPhase section */
		CD6ABAA82829C18600E2B759 /* Sources */ = {
			isa = PBXSourcesBuildPhase;
			buildActionMask = 2147483647;
			files = (
				CD6ABABE2829C26100E2B759 /* gridtmz c.swift in Sources */,
				CDF1DD35282BF8CC003CA117 /* fdtd-alloc h.swift in Sources */,
				CD6ABAC52829C2B900E2B759 /* ricker c.swift in Sources */,
				CDF1DD4E282C08A4003CA117 /* grid1dez c.swift in Sources */,
				CD6ABACB2829D76500E2B759 /* tfsftmz c.swift in Sources */,
				CD6ABAC22829C29D00E2B759 /* updatetmz c.swift in Sources */,
				CD6ABAB02829C18600E2B759 /* main.swift in Sources */,
				CD6ABAB82829C1EF00E2B759 /* fdtd-grid h.swift in Sources */,
				CD6ABAC82829C86400E2B759 /* snapshot c.swift in Sources */,
			);
			runOnlyForDeploymentPostprocessing = 0;
		};
/* End PBXSourcesBuildPhase section */

/* Begin XCBuildConfiguration section */
		CD6ABAB12829C18600E2B759 /* Debug */ = {
			isa = XCBuildConfiguration;
			buildSettings = {
				ALWAYS_SEARCH_USER_PATHS = NO;
				CLANG_ANALYZER_NONNULL = YES;
				CLANG_ANALYZER_NUMBER_OBJECT_CONVERSION = YES_AGGRESSIVE;
				CLANG_CXX_LANGUAGE_STANDARD = "gnu++14";
				CLANG_CXX_LIBRARY = "libc++";
				CLANG_ENABLE_MODULES = YES;
				CLANG_ENABLE_OBJC_ARC = YES;
				CLANG_ENABLE_OBJC_WEAK = YES;
				CLANG_WARN_BLOCK_CAPTURE_AUTORELEASING = YES;
				CLANG_WARN_BOOL_CONVERSION = YES;
				CLANG_WARN_COMMA = YES;
				CLANG_WARN_CONSTANT_CONVERSION = YES;
				CLANG_WARN_DEPRECATED_OBJC_IMPLEMENTATIONS = YES;
				CLANG_WARN_DIRECT_OBJC_ISA_USAGE = YES_ERROR;
				CLANG_WARN_DOCUMENTATION_COMMENTS = YES;
				CLANG_WARN_EMPTY_BODY = YES;
				CLANG_WARN_ENUM_CONVERSION = YES;
				CLANG_WARN_INFINITE_RECURSION = YES;
				CLANG_WARN_INT_CONVERSION = YES;
				CLANG_WARN_NON_LITERAL_NULL_CONVERSION = YES;
				CLANG_WARN_OBJC_IMPLICIT_RETAIN_SELF = YES;
				CLANG_WARN_OBJC_LITERAL_CONVERSION = YES;
				CLANG_WARN_OBJC_ROOT_CLASS = YES_ERROR;
				CLANG_WARN_QUOTED_INCLUDE_IN_FRAMEWORK_HEADER = YES;
				CLANG_WARN_RANGE_LOOP_ANALYSIS = YES;
				CLANG_WARN_STRICT_PROTOTYPES = YES;
				CLANG_WARN_SUSPICIOUS_MOVE = YES;
				CLANG_WARN_UNGUARDED_AVAILABILITY = YES_AGGRESSIVE;
				CLANG_WARN_UNREACHABLE_CODE = YES;
				CLANG_WARN__DUPLICATE_METHOD_MATCH = YES;
				COPY_PHASE_STRIP = NO;
				DEBUG_INFORMATION_FORMAT = dwarf;
				ENABLE_STRICT_OBJC_MSGSEND = YES;
				ENABLE_TESTABILITY = YES;
				GCC_C_LANGUAGE_STANDARD = gnu11;
				GCC_DYNAMIC_NO_PIC = NO;
				GCC_NO_COMMON_BLOCKS = YES;
				GCC_OPTIMIZATION_LEVEL = 0;
				GCC_PREPROCESSOR_DEFINITIONS = (
					"DEBUG=1",
					"$(inherited)",
				);
				GCC_WARN_64_TO_32_BIT_CONVERSION = YES;
				GCC_WARN_ABOUT_RETURN_TYPE = YES_ERROR;
				GCC_WARN_UNDECLARED_SELECTOR = YES;
				GCC_WARN_UNINITIALIZED_AUTOS = YES_AGGRESSIVE;
				GCC_WARN_UNUSED_FUNCTION = YES;
				GCC_WARN_UNUSED_VARIABLE = YES;
				MACOSX_DEPLOYMENT_TARGET = 10.15;
				MTL_ENABLE_DEBUG_INFO = INCLUDE_SOURCE;
				MTL_FAST_MATH = YES;
				ONLY_ACTIVE_ARCH = YES;
				SDKROOT = macosx;
				SWIFT_ACTIVE_COMPILATION_CONDITIONS = DEBUG;
				SWIFT_OPTIMIZATION_LEVEL = "-Onone";
			};
			name = Debug;
		};
		CD6ABAB22829C18600E2B759 /* Release */ = {
			isa = XCBuildConfiguration;
			buildSettings = {
				ALWAYS_SEARCH_USER_PATHS = NO;
				CLANG_ANALYZER_NONNULL = YES;
				CLANG_ANALYZER_NUMBER_OBJECT_CONVERSION = YES_AGGRESSIVE;
				CLANG_CXX_LANGUAGE_STANDARD = "gnu++14";
				CLANG_CXX_LIBRARY = "libc++";
				CLANG_ENABLE_MODULES = YES;
				CLANG_ENABLE_OBJC_ARC = YES;
				CLANG_ENABLE_OBJC_WEAK = YES;
				CLANG_WARN_BLOCK_CAPTURE_AUTORELEASING = YES;
				CLANG_WARN_BOOL_CONVERSION = YES;
				CLANG_WARN_COMMA = YES;
				CLANG_WARN_CONSTANT_CONVERSION = YES;
				CLANG_WARN_DEPRECATED_OBJC_IMPLEMENTATIONS = YES;
				CLANG_WARN_DIRECT_OBJC_ISA_USAGE = YES_ERROR;
				CLANG_WARN_DOCUMENTATION_COMMENTS = YES;
				CLANG_WARN_EMPTY_BODY = YES;
				CLANG_WARN_ENUM_CONVERSION = YES;
				CLANG_WARN_INFINITE_RECURSION = YES;
				CLANG_WARN_INT_CONVERSION = YES;
				CLANG_WARN_NON_LITERAL_NULL_CONVERSION = YES;
				CLANG_WARN_OBJC_IMPLICIT_RETAIN_SELF = YES;
				CLANG_WARN_OBJC_LITERAL_CONVERSION = YES;
				CLANG_WARN_OBJC_ROOT_CLASS = YES_ERROR;
				CLANG_WARN_QUOTED_INCLUDE_IN_FRAMEWORK_HEADER = YES;
				CLANG_WARN_RANGE_LOOP_ANALYSIS = YES;
				CLANG_WARN_STRICT_PROTOTYPES = YES;
				CLANG_WARN_SUSPICIOUS_MOVE = YES;
				CLANG_WARN_UNGUARDED_AVAILABILITY = YES_AGGRESSIVE;
				CLANG_WARN_UNREACHABLE_CODE = YES;
				CLANG_WARN__DUPLICATE_METHOD_MATCH = YES;
				COPY_PHASE_STRIP = NO;
				DEBUG_INFORMATION_FORMAT = "dwarf-with-dsym";
				ENABLE_NS_ASSERTIONS = NO;
				ENABLE_STRICT_OBJC_MSGSEND = YES;
				GCC_C_LANGUAGE_STANDARD = gnu11;
				GCC_NO_COMMON_BLOCKS = YES;
				GCC_WARN_64_TO_32_BIT_CONVERSION = YES;
				GCC_WARN_ABOUT_RETURN_TYPE = YES_ERROR;
				GCC_WARN_UNDECLARED_SELECTOR = YES;
				GCC_WARN_UNINITIALIZED_AUTOS = YES_AGGRESSIVE;
				GCC_WARN_UNUSED_FUNCTION = YES;
				GCC_WARN_UNUSED_VARIABLE = YES;
				MACOSX_DEPLOYMENT_TARGET = 10.15;
				MTL_ENABLE_DEBUG_INFO = NO;
				MTL_FAST_MATH = YES;
				SDKROOT = macosx;
				SWIFT_COMPILATION_MODE = wholemodule;
				SWIFT_OPTIMIZATION_LEVEL = "-O";
			};
			name = Release;
		};
		CD6ABAB42829C18600E2B759 /* Debug */ = {
			isa = XCBuildConfiguration;
			buildSettings = {
				CODE_SIGN_STYLE = Automatic;
				PRODUCT_NAME = "$(TARGET_NAME)";
				SWIFT_VERSION = 5.0;
			};
			name = Debug;
		};
		CD6ABAB52829C18600E2B759 /* Release */ = {
			isa = XCBuildConfiguration;
			buildSettings = {
				CODE_SIGN_STYLE = Automatic;
				PRODUCT_NAME = "$(TARGET_NAME)";
				SWIFT_VERSION = 5.0;
			};
			name = Release;
		};
/* End XCBuildConfiguration section */

/* Begin XCConfigurationList section */
		CD6ABAA72829C18600E2B759 /* Build configuration list for PBXProject "2D Electromagnetism - Chapter 8" */ = {
			isa = XCConfigurationList;
			buildConfigurations = (
				CD6ABAB12829C18600E2B759 /* Debug */,
				CD6ABAB22829C18600E2B759 /* Release */,
			);
			defaultConfigurationIsVisible = 0;
			defaultConfigurationName = Release;
		};
		CD6ABAB32829C18600E2B759 /* Build configuration list for PBXNativeTarget "2D Electromagnetism - Chapter 8" */ = {
			isa = XCConfigurationList;
			buildConfigurations = (
				CD6ABAB42829C18600E2B759 /* Debug */,
				CD6ABAB52829C18600E2B759 /* Release */,
			);
			defaultConfigurationIsVisible = 0;
			defaultConfigurationName = Release;
		};
/* End XCConfigurationList section */
	};
	rootObject = CD6ABAA42829C18600E2B759 /* Project object */;
}
